
Microsoft Visual Studio Solution File, Format Version 12.00
# Visual Studio Version 17
VisualStudioVersion = 17.4.33122.133
MinimumVisualStudioVersion = 10.0.40219.1
Project("{FAE04EC0-301F-11D3-BF4B-00C04F79EFBC}") = "SistemaDeEstacionamento", "SistemaDeEstacionamento.csproj", "{CFF288E0-F8FC-4409-82B8-3C0D40D8DB48}"
EndProject
Global
	GlobalSection(SolutionConfigurationPlatforms) = preSolution
		Debug|Any CPU = Debug|Any CPU
		Release|Any CPU = Release|Any CPU
	EndGlobalSection
	GlobalSection(ProjectConfigurationPlatforms) = postSolution
		{CFF288E0-F8FC-4409-82B8-3C0D40D8DB48}.Debug|Any CPU.ActiveCfg = Debug|Any CPU
		{CFF288E0-F8FC-4409-82B8-3C0D40D8DB48}.Debug|Any CPU.Build.0 = Debug|Any CPU
		{CFF288E0-F8FC-4409-82B8-3C0D40D8DB48}.Release|Any CPU.ActiveCfg = Release|Any CPU
		{CFF288E0-F8FC-4409-82B8-3C0D40D8DB48}.Release|Any CPU.Build.0 = Release|Any CPU
	EndGlobalSection
	GlobalSection(SolutionProperties) = preSolution
		HideSolutionNode = FALSE
	EndGlobalSection
	GlobalSection(ExtensibilityGlobals) = postSolution
		SolutionGuid = {86DD8FFE-83FC-4201-93F9-928085A706F3}
	EndGlobalSection
EndGlobal
